
Microsoft Visual Studio Solution File, Format Version 12.00
# Visual Studio Version 16
VisualStudioVersion = 16.0.31729.503
MinimumVisualStudioVersion = 10.0.40219.1
Project("{FAE04EC0-301F-11D3-BF4B-00C04F79EFBC}") = "HanseaticSort_001", "HanseaticSort_001\HanseaticSort_001.csproj", "{67DA2D61-A307-4FF7-A539-45C976C1356D}"
EndProject
Global
	GlobalSection(SolutionConfigurationPlatforms) = preSolution
		Debug|Any CPU = Debug|Any CPU
		Release|Any CPU = Release|Any CPU
	EndGlobalSection
	GlobalSection(ProjectConfigurationPlatforms) = postSolution
		{67DA2D61-A307-4FF7-A539-45C976C1356D}.Debug|Any CPU.ActiveCfg = Debug|Any CPU
		{67DA2D61-A307-4FF7-A539-45C976C1356D}.Debug|Any CPU.Build.0 = Debug|Any CPU
		{67DA2D61-A307-4FF7-A539-45C976C1356D}.Release|Any CPU.ActiveCfg = Release|Any CPU
		{67DA2D61-A307-4FF7-A539-45C976C1356D}.Release|Any CPU.Build.0 = Release|Any CPU
	EndGlobalSection
	GlobalSection(SolutionProperties) = preSolution
		HideSolutionNode = FALSE
	EndGlobalSection
	GlobalSection(ExtensibilityGlobals) = postSolution
		SolutionGuid = {DECE4A61-643D-404B-9296-40CE30188213}
	EndGlobalSection
EndGlobal
